
Microsoft Visual Studio Solution File, Format Version 12.00
# Visual Studio Version 17
VisualStudioVersion = 17.6.33829.357
MinimumVisualStudioVersion = 10.0.40219.1
Project("{9A19103F-16F7-4668-BE54-9A1E7A4F7556}") = "SolarWatch", "SolarWatch\SolarWatch.csproj", "{D6AEA0BD-D1DB-48A2-914A-6EE3E4EEE0AD}"
EndProject
Project("{FAE04EC0-301F-11D3-BF4B-00C04F79EFBC}") = "SolarWatchTest", "SolarWatchTest\SolarWatchTest.csproj", "{0CECAE64-CEBF-4C90-89FB-A879D27F4E59}"
EndProject
Global
	GlobalSection(SolutionConfigurationPlatforms) = preSolution
		Debug|Any CPU = Debug|Any CPU
		Release|Any CPU = Release|Any CPU
	EndGlobalSection
	GlobalSection(ProjectConfigurationPlatforms) = postSolution
		{D6AEA0BD-D1DB-48A2-914A-6EE3E4EEE0AD}.Debug|Any CPU.ActiveCfg = Debug|Any CPU
		{D6AEA0BD-D1DB-48A2-914A-6EE3E4EEE0AD}.Debug|Any CPU.Build.0 = Debug|Any CPU
		{D6AEA0BD-D1DB-48A2-914A-6EE3E4EEE0AD}.Release|Any CPU.ActiveCfg = Release|Any CPU
		{D6AEA0BD-D1DB-48A2-914A-6EE3E4EEE0AD}.Release|Any CPU.Build.0 = Release|Any CPU
		{0CECAE64-CEBF-4C90-89FB-A879D27F4E59}.Debug|Any CPU.ActiveCfg = Debug|Any CPU
		{0CECAE64-CEBF-4C90-89FB-A879D27F4E59}.Debug|Any CPU.Build.0 = Debug|Any CPU
		{0CECAE64-CEBF-4C90-89FB-A879D27F4E59}.Release|Any CPU.ActiveCfg = Release|Any CPU
		{0CECAE64-CEBF-4C90-89FB-A879D27F4E59}.Release|Any CPU.Build.0 = Release|Any CPU
	EndGlobalSection
	GlobalSection(SolutionProperties) = preSolution
		HideSolutionNode = FALSE
	EndGlobalSection
	GlobalSection(ExtensibilityGlobals) = postSolution
		SolutionGuid = {BAA8D7DD-03CC-4849-BD18-F3D217CA4F56}
	EndGlobalSection
EndGlobal
